// !$*UTF8*$!
{
	archiveVersion = 1;
	classes = {
	};
	objectVersion = 46;
	objects = {

/* Begin PBXBuildFile section */
		ABE6491F1C50BE8000CCF039 /* AppDelegate.swift in Sources */ = {isa = PBXBuildFile; fileRef = ABE6491E1C50BE8000CCF039 /* AppDelegate.swift */; };
		ABE649211C50BE8000CCF039 /* ViewController.swift in Sources */ = {isa = PBXBuildFile; fileRef = ABE649201C50BE8000CCF039 /* ViewController.swift */; };
		ABE649241C50BE8000CCF039 /* Main.storyboard in Resources */ = {isa = PBXBuildFile; fileRef = ABE649221C50BE8000CCF039 /* Main.storyboard */; };
		ABE649261C50BE8000CCF039 /* Assets.xcassets in Resources */ = {isa = PBXBuildFile; fileRef = ABE649251C50BE8000CCF039 /* Assets.xcassets */; };
		ABE649291C50BE8100CCF039 /* LaunchScreen.storyboard in Resources */ = {isa = PBXBuildFile; fileRef = ABE649271C50BE8100CCF039 /* LaunchScreen.storyboard */; };
		ABE649311C51F96500CCF039 /* SwiftManager.swift in Sources */ = {isa = PBXBuildFile; fileRef = ABE649301C51F96500CCF039 /* SwiftManager.swift */; };
/* End PBXBuildFile section */

/* Begin PBXFileReference section */
		ABE6491B1C50BE8000CCF039 /* Swift_UIKit.app */ = {isa = PBXFileReference; explicitFileType = wrapper.application; includeInIndex = 0; path = Swift_UIKit.app; sourceTree = BUILT_PRODUCTS_DIR; };
		ABE6491E1C50BE8000CCF039 /* AppDelegate.swift */ = {isa = PBXFileReference; lastKnownFileType = sourcecode.swift; path = AppDelegate.swift; sourceTree = "<group>"; };
		ABE649201C50BE8000CCF039 /* ViewController.swift */ = {isa = PBXFileReference; lastKnownFileType = sourcecode.swift; path = ViewController.swift; sourceTree = "<group>"; };
		ABE649231C50BE8000CCF039 /* Base */ = {isa = PBXFileReference; lastKnownFileType = file.storyboard; name = Base; path = Base.lproj/Main.storyboard; sourceTree = "<group>"; };
		ABE649251C50BE8000CCF039 /* Assets.xcassets */ = {isa = PBXFileReference; lastKnownFileType = folder.assetcatalog; path = Assets.xcassets; sourceTree = "<group>"; };
		ABE649281C50BE8100CCF039 /* Base */ = {isa = PBXFileReference; lastKnownFileType = file.storyboard; name = Base; path = Base.lproj/LaunchScreen.storyboard; sourceTree = "<group>"; };
		ABE6492A1C50BE8100CCF039 /* Info.plist */ = {isa = PBXFileReference; lastKnownFileType = text.plist.xml; path = Info.plist; sourceTree = "<group>"; };
		ABE649301C51F96500CCF039 /* SwiftManager.swift */ = {isa = PBXFileReference; fileEncoding = 4; lastKnownFileType = sourcecode.swift; path = SwiftManager.swift; sourceTree = "<group>"; };
/* End PBXFileReference section */

/* Begin PBXFrameworksBuildPhase section */
		ABE649181C50BE8000CCF039 /* Frameworks */ = {
			isa = PBXFrameworksBuildPhase;
			buildActionMask = 2147483647;
			files = (
			);
			runOnlyForDeploymentPostprocessing = 0;
		};
/* End PBXFrameworksBuildPhase section */

/* Begin PBXGroup section */
		ABE649121C50BE8000CCF039 = {
			isa = PBXGroup;
			children = (
				ABE6491D1C50BE8000CCF039 /* Swift_UIKit */,
				ABE6491C1C50BE8000CCF039 /* Products */,
			);
			sourceTree = "<group>";
		};
		ABE6491C1C50BE8000CCF039 /* Products */ = {
			isa = PBXGroup;
			children = (
				ABE6491B1C50BE8000CCF039 /* Swift_UIKit.app */,
			);
			name = Products;
			sourceTree = "<group>";
		};
		ABE6491D1C50BE8000CCF039 /* Swift_UIKit */ = {
			isa = PBXGroup;
			children = (
				ABE6491E1C50BE8000CCF039 /* AppDelegate.swift */,
				ABE649201C50BE8000CCF039 /* ViewController.swift */,
				ABE649301C51F96500CCF039 /* SwiftManager.swift */,
				ABE649221C50BE8000CCF039 /* Main.storyboard */,
				ABE649251C50BE8000CCF039 /* Assets.xcassets */,
				ABE649271C50BE8100CCF039 /* LaunchScreen.storyboard */,
				ABE6492A1C50BE8100CCF039 /* Info.plist */,
			);
			path = Swift_UIKit;
			sourceTree = "<group>";
		};
/* End PBXGroup section */

/* Begin PBXNativeTarget section */
		ABE6491A1C50BE8000CCF039 /* Swift_UIKit */ = {
			isa = PBXNativeTarget;
			buildConfigurationList = ABE6492D1C50BE8100CCF039 /* Build configuration list for PBXNativeTarget "Swift_UIKit" */;
			buildPhases = (
				ABE649171C50BE8000CCF039 /* Sources */,
				ABE649181C50BE8000CCF039 /* Frameworks */,
				ABE649191C50BE8000CCF039 /* Resources */,
			);
			buildRules = (
			);
			dependencies = (
			);
			name = Swift_UIKit;
			productName = Swift_UIKit;
			productReference = ABE6491B1C50BE8000CCF039 /* Swift_UIKit.app */;
			productType = "com.apple.product-type.application";
		};
/* End PBXNativeTarget section */

/* Begin PBXProject section */
		ABE649131C50BE8000CCF039 /* Project object */ = {
			isa = PBXProject;
			attributes = {
				LastSwiftUpdateCheck = 0720;
				LastUpgradeCheck = 0720;
				ORGANIZATIONNAME = "骆朋飞";
				TargetAttributes = {
					ABE6491A1C50BE8000CCF039 = {
						CreatedOnToolsVersion = 7.2;
					};
				};
			};
			buildConfigurationList = ABE649161C50BE8000CCF039 /* Build configuration list for PBXProject "Swift_UIKit" */;
			compatibilityVersion = "Xcode 3.2";
			developmentRegion = English;
			hasScannedForEncodings = 0;
			knownRegions = (
				en,
				Base,
			);
			mainGroup = ABE649121C50BE8000CCF039;
			productRefGroup = ABE6491C1C50BE8000CCF039 /* Products */;
			projectDirPath = "";
			projectRoot = "";
			targets = (
				ABE6491A1C50BE8000CCF039 /* Swift_UIKit */,
			);
		};
/* End PBXProject section */

/* Begin PBXResourcesBuildPhase section */
		ABE649191C50BE8000CCF039 /* Resources */ = {
			isa = PBXResourcesBuildPhase;
			buildActionMask = 2147483647;
			files = (
				ABE649291C50BE8100CCF039 /* LaunchScreen.storyboard in Resources */,
				ABE649261C50BE8000CCF039 /* Assets.xcassets in Resources */,
				ABE649241C50BE8000CCF039 /* Main.storyboard in Resources */,
			);
			runOnlyForDeploymentPostprocessing = 0;
		};
/* End PBXResourcesBuildPhase section */

/* Begin PBXSourcesBuildPhase section */
		ABE649171C50BE8000CCF039 /* Sources */ = {
			isa = PBXSourcesBuildPhase;
			buildActionMask = 2147483647;
			files = (
				ABE649211C50BE8000CCF039 /* ViewController.swift in Sources */,
				ABE649311C51F96500CCF039 /* SwiftManager.swift in Sources */,
				ABE6491F1C50BE8000CCF039 /* AppDelegate.swift in Sources */,
			);
			runOnlyForDeploymentPostprocessing = 0;
		};
/* End PBXSourcesBuildPhase section */

/* Begin PBXVariantGroup section */
		ABE649221C50BE8000CCF039 /* Main.storyboard */ = {
			isa = PBXVariantGroup;
			children = (
				ABE649231C50BE8000CCF039 /* Base */,
			);
			name = Main.storyboard;
			sourceTree = "<group>";
		};
		ABE649271C50BE8100CCF039 /* LaunchScreen.storyboard */ = {
			isa = PBXVariantGroup;
			children = (
				ABE649281C50BE8100CCF039 /* Base */,
			);
			name = LaunchScreen.storyboard;
			sourceTree = "<group>";
		};
/* End PBXVariantGroup section */

/* Begin XCBuildConfiguration section */
		ABE6492B1C50BE8100CCF039 /* Debug */ = {
			isa = XCBuildConfiguration;
			buildSettings = {
				ALWAYS_SEARCH_USER_PATHS = NO;
				CLANG_CXX_LANGUAGE_STANDARD = "gnu++0x";
				CLANG_CXX_LIBRARY = "libc++";
				CLANG_ENABLE_MODULES = YES;
				CLANG_ENABLE_OBJC_ARC = YES;
				CLANG_WARN_BOOL_CONVERSION = YES;
				CLANG_WARN_CONSTANT_CONVERSION = YES;
				CLANG_WARN_DIRECT_OBJC_ISA_USAGE = YES_ERROR;
				CLANG_WARN_EMPTY_BODY = YES;
				CLANG_WARN_ENUM_CONVERSION = YES;
				CLANG_WARN_INT_CONVERSION = YES;
				CLANG_WARN_OBJC_ROOT_CLASS = YES_ERROR;
				CLANG_WARN_UNREACHABLE_CODE = YES;
				CLANG_WARN__DUPLICATE_METHOD_MATCH = YES;
				"CODE_SIGN_IDENTITY[sdk=iphoneos*]" = "iPhone Developer";
				COPY_PHASE_STRIP = NO;
				DEBUG_INFORMATION_FORMAT = dwarf;
				ENABLE_STRICT_OBJC_MSGSEND = YES;
				ENABLE_TESTABILITY = YES;
				GCC_C_LANGUAGE_STANDARD = gnu99;
				GCC_DYNAMIC_NO_PIC = NO;
				GCC_NO_COMMON_BLOCKS = YES;
				GCC_OPTIMIZATION_LEVEL = 0;
				GCC_PREPROCESSOR_DEFINITIONS = (
					"DEBUG=1",
					"$(inherited)",
				);
				GCC_WARN_64_TO_32_BIT_CONVERSION = YES;
				GCC_WARN_ABOUT_RETURN_TYPE = YES_ERROR;
				GCC_WARN_UNDECLARED_SELECTOR = YES;
				GCC_WARN_UNINITIALIZED_AUTOS = YES_AGGRESSIVE;
				GCC_WARN_UNUSED_FUNCTION = YES;
				GCC_WARN_UNUSED_VARIABLE = YES;
				IPHONEOS_DEPLOYMENT_TARGET = 9.2;
				MTL_ENABLE_DEBUG_INFO = YES;
				ONLY_ACTIVE_ARCH = YES;
				SDKROOT = iphoneos;
				SWIFT_OPTIMIZATION_LEVEL = "-Onone";
			};
			name = Debug;
		};
		ABE6492C1C50BE8100CCF039 /* Release */ = {
			isa = XCBuildConfiguration;
			buildSettings = {
				ALWAYS_SEARCH_USER_PATHS = NO;
				CLANG_CXX_LANGUAGE_STANDARD = "gnu++0x";
				CLANG_CXX_LIBRARY = "libc++";
				CLANG_ENABLE_MODULES = YES;
				CLANG_ENABLE_OBJC_ARC = YES;
				CLANG_WARN_BOOL_CONVERSION = YES;
				CLANG_WARN_CONSTANT_CONVERSION = YES;
				CLANG_WARN_DIRECT_OBJC_ISA_USAGE = YES_ERROR;
				CLANG_WARN_EMPTY_BODY = YES;
				CLANG_WARN_ENUM_CONVERSION = YES;
				CLANG_WARN_INT_CONVERSION = YES;
				CLANG_WARN_OBJC_ROOT_CLASS = YES_ERROR;
				CLANG_WARN_UNREACHABLE_CODE = YES;
				CLANG_WARN__DUPLICATE_METHOD_MATCH = YES;
				"CODE_SIGN_IDENTITY[sdk=iphoneos*]" = "iPhone Developer";
				COPY_PHASE_STRIP = NO;
				DEBUG_INFORMATION_FORMAT = "dwarf-with-dsym";
				ENABLE_NS_ASSERTIONS = NO;
				ENABLE_STRICT_OBJC_MSGSEND = YES;
				GCC_C_LANGUAGE_STANDARD = gnu99;
				GCC_NO_COMMON_BLOCKS = YES;
				GCC_WARN_64_TO_32_BIT_CONVERSION = YES;
				GCC_WARN_ABOUT_RETURN_TYPE = YES_ERROR;
				GCC_WARN_UNDECLARED_SELECTOR = YES;
				GCC_WARN_UNINITIALIZED_AUTOS = YES_AGGRESSIVE;
				GCC_WARN_UNUSED_FUNCTION = YES;
				GCC_WARN_UNUSED_VARIABLE = YES;
				IPHONEOS_DEPLOYMENT_TARGET = 9.2;
				MTL_ENABLE_DEBUG_INFO = NO;
				SDKROOT = iphoneos;
				VALIDATE_PRODUCT = YES;
			};
			name = Release;
		};
		ABE6492E1C50BE8100CCF039 /* Debug */ = {
			isa = XCBuildConfiguration;
			buildSettings = {
				ASSETCATALOG_COMPILER_APPICON_NAME = AppIcon;
				INFOPLIST_FILE = Swift_UIKit/Info.plist;
				IPHONEOS_DEPLOYMENT_TARGET = 7.0;
				LD_RUNPATH_SEARCH_PATHS = "$(inherited) @executable_path/Frameworks";
				PRODUCT_BUNDLE_IDENTIFIER = "Pengfei.Swift-UIKit";
				PRODUCT_NAME = "$(TARGET_NAME)";
			};
			name = Debug;
		};
		ABE6492F1C50BE8100CCF039 /* Release */ = {
			isa = XCBuildConfiguration;
			buildSettings = {
				ASSETCATALOG_COMPILER_APPICON_NAME = AppIcon;
				INFOPLIST_FILE = Swift_UIKit/Info.plist;
				IPHONEOS_DEPLOYMENT_TARGET = 7.0;
				LD_RUNPATH_SEARCH_PATHS = "$(inherited) @executable_path/Frameworks";
				PRODUCT_BUNDLE_IDENTIFIER = "Pengfei.Swift-UIKit";
				PRODUCT_NAME = "$(TARGET_NAME)";
			};
			name = Release;
		};
/* End XCBuildConfiguration section */

/* Begin XCConfigurationList section */
		ABE649161C50BE8000CCF039 /* Build configuration list for PBXProject "Swift_UIKit" */ = {
			isa = XCConfigurationList;
			buildConfigurations = (
				ABE6492B1C50BE8100CCF039 /* Debug */,
				ABE6492C1C50BE8100CCF039 /* Release */,
			);
			defaultConfigurationIsVisible = 0;
			defaultConfigurationName = Release;
		};
		ABE6492D1C50BE8100CCF039 /* Build configuration list for PBXNativeTarget "Swift_UIKit" */ = {
			isa = XCConfigurationList;
			buildConfigurations = (
				ABE6492E1C50BE8100CCF039 /* Debug */,
				ABE6492F1C50BE8100CCF039 /* Release */,
			);
			defaultConfigurationIsVisible = 0;
			defaultConfigurationName = Release;
		};
/* End XCConfigurationList section */
	};
	rootObject = ABE649131C50BE8000CCF039 /* Project object */;
}
